<?xml version="1.0" encoding="utf-8"?>
<Project ToolsVersion="4.0" xmlns="http://schemas.microsoft.com/developer/msbuild/2003">
  <ItemGroup>
    <Filter Include="Source Files">
      <UniqueIdentifier>{4FC737F1-C7A5-4376-A066-2A32D752A2FF}</UniqueIdentifier>
      <Extensions>cpp;c;cc;cxx;def;odl;idl;hpj;bat;asm;asmx</Extensions>
    </Filter>
    <Filter Include="Header Files">
      <UniqueIdentifier>{93995380-89BD-4b04-88EB-625FBE52EBFB}</UniqueIdentifier>
      <Extensions>h;hh;hpp;hxx;hm;inl;inc;xsd</Extensions>
    </Filter>
    <Filter Include="Resource Files">
      <UniqueIdentifier>{67DA6AB6-F800-4c08-8B7A-83BB121AAD01}</UniqueIdentifier>
      <Extensions>rc;ico;cur;bmp;dlg;rc2;rct;bin;rgs;gif;jpg;jpeg;jpe;resx;tiff;tif;png;wav;mfcribbon-ms</Extensions>
    </Filter>
    <Filter Include="Form Files">
      <UniqueIdentifier>{99349809-55BA-4b9d-BF79-8FDBB0286EB3}</UniqueIdentifier>
      <Extensions>ui</Extensions>
    </Filter>
    <Filter Include="Resource Files">
      <UniqueIdentifier>{D9D6E242-F8AF-46E4-B9FD-80ECBC20BA3E}</UniqueIdentifier>
      <Extensions>qrc;*</Extensions>
      <ParseFiles>false</ParseFiles>
    </Filter>
  </ItemGroup>
  <ItemGroup>
    <QtUic Include="BankSystem.ui">
      <Filter>Resource Files</Filter>
    </QtUic>
    <QtMoc Include="BankSystem.h">
      <Filter>Header Files</Filter>
    </QtMoc>
    <ClCompile Include="BankSystem.cpp">
      <Filter>Source Files</Filter>
    </ClCompile>
  </ItemGroup>
  <ItemGroup>
    <ClCompile Include="main.cpp">
      <Filter>Source Files</Filter>
    </ClCompile>
    <ClCompile Include="login.cpp">
      <Filter>Source Files</Filter>
    </ClCompile>
    <ClCompile Include="logup.cpp">
      <Filter>Source Files</Filter>
    </ClCompile>
    <ClCompile Include="OSD.cpp">
      <Filter>Source Files</Filter>
    </ClCompile>
    <ClCompile Include="profit.cpp">
      <Filter>Source Files</Filter>
    </ClCompile>
    <ClCompile Include="loan.cpp">
      <Filter>Source Files</Filter>
    </ClCompile>
    <ClCompile Include="payment.cpp">
      <Filter>Source Files</Filter>
    </ClCompile>
    <ClCompile Include="LAP.cpp">
      <Filter>Source Files</Filter>
    </ClCompile>
    <ClCompile Include="Transition.cpp">
      <Filter>Source Files</Filter>
    </ClCompile>
    <ClCompile Include="developers.cpp">
      <Filter>Source Files</Filter>
    </ClCompile>
    <ClCompile Include="OSDadmin.cpp">
      <Filter>Source Files</Filter>
    </ClCompile>
    <ClCompile Include="Tadmin.cpp">
      <Filter>Source Files</Filter>
    </ClCompile>
    <ClCompile Include="LAPadmin.cpp">
      <Filter>Source Files</Filter>
    </ClCompile>
  </ItemGroup>
  <ItemGroup>
    <QtRcc Include="BankSystem.qrc" />
  </ItemGroup>
  <ItemGroup>
    <QtMoc Include="logup.h">
      <Filter>Header Files</Filter>
    </QtMoc>
    <QtMoc Include="OSD.h">
      <Filter>Header Files</Filter>
    </QtMoc>
    <QtMoc Include="profit.h">
      <Filter>Header Files</Filter>
    </QtMoc>
    <QtMoc Include="login.h">
      <Filter>Header Files</Filter>
    </QtMoc>
    <QtMoc Include="loan.h">
      <Filter>Header Files</Filter>
    </QtMoc>
    <QtMoc Include="payment.h">
      <Filter>Header Files</Filter>
    </QtMoc>
    <QtMoc Include="LAP.h">
      <Filter>Header Files</Filter>
    </QtMoc>
    <QtMoc Include="Transition.h">
      <Filter>Header Files</Filter>
    </QtMoc>
    <QtMoc Include="developers.h">
      <Filter>Header Files</Filter>
    </QtMoc>
    <QtMoc Include="OSDadmin.h">
      <Filter>Header Files</Filter>
    </QtMoc>
    <QtMoc Include="LAPadmin.h">
      <Filter>Header Files</Filter>
    </QtMoc>
    <QtMoc Include="Tadmin.h">
      <Filter>Header Files</Filter>
    </QtMoc>
  </ItemGroup>
  <ItemGroup>
    <ClInclude Include="Psql.h">
      <Filter>Header Files</Filter>
    </ClInclude>
    <ClInclude Include="resource.h">
      <Filter>Header Files</Filter>
    </ClInclude>
  </ItemGroup>
  <ItemGroup>
    <ResourceCompile Include="BankSystem.rc">
      <Filter>Resource Files</Filter>
    </ResourceCompile>
  </ItemGroup>
  <ItemGroup>
    <Image Include="x64\Release\app.ico">
      <Filter>Resource Files</Filter>
    </Image>
  </ItemGroup>
</Project>